<?xml version="1.0" encoding="utf-8"?>
<Project ToolsVersion="4.0" xmlns="http://schemas.microsoft.com/developer/msbuild/2003">
  <ItemGroup>
    <ClCompile Include="main.cpp" />
    <ClCompile Include="..\Classes\AppDelegate.cpp">
      <Filter>Classess</Filter>
    </ClCompile>
    <ClCompile Include="..\Classes\Constants.cpp">
      <Filter>Classess</Filter>
    </ClCompile>
    <ClCompile Include="..\Classes\GlobalVar.cpp">
      <Filter>Classess</Filter>
    </ClCompile>
    <ClCompile Include="..\Classes\IntroScreen.cpp">
      <Filter>Classess</Filter>
    </ClCompile>
    <ClCompile Include="..\Classes\intro\IntroItem.cpp">
      <Filter>Classess\intro</Filter>
    </ClCompile>
    <ClCompile Include="..\Classes\base\Dlg.cpp">
      <Filter>Classess\base</Filter>
    </ClCompile>
    <ClCompile Include="..\Classes\base\DlgMgr.cpp">
      <Filter>Classess\base</Filter>
    </ClCompile>
    <ClCompile Include="..\Classes\base\ParticleMgr.cpp">
      <Filter>Classess\base</Filter>
    </ClCompile>
    <ClCompile Include="..\Classes\base\util\graphic.cpp">
      <Filter>Classess\base\util</Filter>
    </ClCompile>
    <ClCompile Include="..\Classes\base\util\common.cpp">
      <Filter>Classess\base\util</Filter>
    </ClCompile>
    <ClCompile Include="..\Classes\base\util\ad.cpp">
      <Filter>Classess\base\util</Filter>
    </ClCompile>
    <ClCompile Include="..\Classes\base\util\effects.cpp">
      <Filter>Classess\base\util</Filter>
    </ClCompile>
    <ClCompile Include="..\Classes\WordedApp.cpp">
      <Filter>Classess</Filter>
    </ClCompile>
    <ClCompile Include="..\classes\base\util\platform.cpp">
      <Filter>Classess\base\util</Filter>
    </ClCompile>
    <ClCompile Include="..\Classes\tablemode\CatChooser.cpp">
      <Filter>Classess\tablemode</Filter>
    </ClCompile>
    <ClCompile Include="..\Classes\tablemode\TableLogic.cpp">
      <Filter>Classess\tablemode</Filter>
    </ClCompile>
    <ClCompile Include="..\Classes\tablemode\TableScreen.cpp">
      <Filter>Classess\tablemode</Filter>
    </ClCompile>
    <ClCompile Include="..\Classes\base\Looper.cpp">
      <Filter>Classess\base</Filter>
    </ClCompile>
    <ClCompile Include="..\Classes\base\comp\FScrollList.cpp">
      <Filter>Classess\base\comp</Filter>
    </ClCompile>
    <ClCompile Include="..\Classes\gui\ScoreGUI.cpp">
      <Filter>Classess\gui</Filter>
    </ClCompile>
    <ClCompile Include="..\Classes\base\ScoreDB.cpp">
      <Filter>Classess\base</Filter>
    </ClCompile>
    <ClCompile Include="..\Classes\learn\LearnScreen.cpp">
      <Filter>Classess\learn</Filter>
    </ClCompile>
    <ClCompile Include="..\Classes\gui\SettingGUI.cpp">
      <Filter>Classess\gui</Filter>
    </ClCompile>
    <ClCompile Include="..\Classes\gui\OneBtDlg.cpp">
      <Filter>Classess\gui</Filter>
    </ClCompile>
    <ClCompile Include="..\Classes\gui\AlertGUI.cpp">
      <Filter>Classess\gui</Filter>
    </ClCompile>
    <ClCompile Include="..\Classes\base\comp\PageIndicator.cpp">
      <Filter>Classess\base\comp</Filter>
    </ClCompile>
  </ItemGroup>
  <ItemGroup>
    <ClInclude Include="main.h" />
    <ClInclude Include="..\Classes\AppDelegate.h">
      <Filter>Classess</Filter>
    </ClInclude>
    <ClInclude Include="..\Classes\Constants.h">
      <Filter>Classess</Filter>
    </ClInclude>
    <ClInclude Include="..\Classes\GlobalVar.h">
      <Filter>Classess</Filter>
    </ClInclude>
    <ClInclude Include="..\Classes\IntroScreen.h">
      <Filter>Classess</Filter>
    </ClInclude>
    <ClInclude Include="..\Classes\intro\IntroItem.h">
      <Filter>Classess\intro</Filter>
    </ClInclude>
    <ClInclude Include="..\Classes\base\Util.h">
      <Filter>Classess\base</Filter>
    </ClInclude>
    <ClInclude Include="..\Classes\base\Dlg.h">
      <Filter>Classess\base</Filter>
    </ClInclude>
    <ClInclude Include="..\Classes\base\DlgMgr.h">
      <Filter>Classess\base</Filter>
    </ClInclude>
    <ClInclude Include="..\Classes\base\ParticleMgr.h">
      <Filter>Classess\base</Filter>
    </ClInclude>
    <ClInclude Include="..\Classes\base\util\graphic.h">
      <Filter>Classess\base\util</Filter>
    </ClInclude>
    <ClInclude Include="..\Classes\base\util\common.h">
      <Filter>Classess\base\util</Filter>
    </ClInclude>
    <ClInclude Include="..\Classes\base\util\ad.h">
      <Filter>Classess\base\util</Filter>
    </ClInclude>
    <ClInclude Include="..\Classes\base\util\effects.h">
      <Filter>Classess\base\util</Filter>
    </ClInclude>
    <ClInclude Include="..\Classes\WordedApp.h">
      <Filter>Classess</Filter>
    </ClInclude>
    <ClInclude Include="..\classes\base\util\platform.h">
      <Filter>Classess\base\util</Filter>
    </ClInclude>
    <ClInclude Include="..\Classes\tablemode\CatChooser.h">
      <Filter>Classess\tablemode</Filter>
    </ClInclude>
    <ClInclude Include="..\Classes\tablemode\TableLogic.h">
      <Filter>Classess\tablemode</Filter>
    </ClInclude>
    <ClInclude Include="..\Classes\tablemode\TableScreen.h">
      <Filter>Classess\tablemode</Filter>
    </ClInclude>
    <ClInclude Include="..\Classes\base\Looper.h">
      <Filter>Classess\base</Filter>
    </ClInclude>
    <ClInclude Include="..\Classes\base\comp\FScrollList.h">
      <Filter>Classess\base\comp</Filter>
    </ClInclude>
    <ClInclude Include="..\Classes\gui\ScoreGUI.h">
      <Filter>Classess\gui</Filter>
    </ClInclude>
    <ClInclude Include="..\Classes\base\ScoreDB.h">
      <Filter>Classess\base</Filter>
    </ClInclude>
    <ClInclude Include="..\Classes\learn\LearnScreen.h">
      <Filter>Classess\learn</Filter>
    </ClInclude>
    <ClInclude Include="..\Classes\gui\SettingGUI.h">
      <Filter>Classess\gui</Filter>
    </ClInclude>
    <ClInclude Include="..\Classes\gui\OneBtDlg.h">
      <Filter>Classess\gui</Filter>
    </ClInclude>
    <ClInclude Include="..\Classes\gui\AlertGUI.h">
      <Filter>Classess\gui</Filter>
    </ClInclude>
    <ClInclude Include="..\Classes\base\comp\PageIndicator.h">
      <Filter>Classess\base\comp</Filter>
    </ClInclude>
  </ItemGroup>
  <ItemGroup>
    <ResourceCompile Include="game.rc" />
  </ItemGroup>
  <ItemGroup>
    <None Include="..\Resources\shared\localization.plist" />
  </ItemGroup>
  <ItemGroup>
    <Filter Include="Classess">
      <UniqueIdentifier>{f04b5b7c-07f7-4873-a5af-f3256a410392}</UniqueIdentifier>
    </Filter>
    <Filter Include="Classess\intro">
      <UniqueIdentifier>{de0adf53-e7f0-4ad1-a62f-d1ab5d8fdc9a}</UniqueIdentifier>
    </Filter>
    <Filter Include="Classess\base">
      <UniqueIdentifier>{cfcf8834-bd28-4a9e-94b1-f9957796f036}</UniqueIdentifier>
    </Filter>
    <Filter Include="Classess\base\util">
      <UniqueIdentifier>{7b8085fd-a412-4e16-a5bb-d784b1ab8232}</UniqueIdentifier>
    </Filter>
    <Filter Include="Classess\tablemode">
      <UniqueIdentifier>{c28a3d88-d967-4bd7-abe1-6293bbee993e}</UniqueIdentifier>
    </Filter>
    <Filter Include="Classess\base\comp">
      <UniqueIdentifier>{07571202-7492-4137-ae92-fe9756e92330}</UniqueIdentifier>
    </Filter>
    <Filter Include="Classess\gui">
      <UniqueIdentifier>{07f2c212-5255-4ee2-960b-410ea68abfd9}</UniqueIdentifier>
    </Filter>
    <Filter Include="Classess\learn">
      <UniqueIdentifier>{00b398ab-f12f-4545-b7c0-787e74bfcd4f}</UniqueIdentifier>
    </Filter>
  </ItemGroup>
</Project>